
Microsoft Visual Studio Solution File, Format Version 12.00
# Visual Studio Version 17
VisualStudioVersion = 17.4.33122.133
MinimumVisualStudioVersion = 10.0.40219.1
Project("{FAE04EC0-301F-11D3-BF4B-00C04F79EFBC}") = "PhoneBook", "PhoneBook\PhoneBook.csproj", "{70F29A53-330B-46AA-9961-244F2A8F80A9}"
EndProject
Global
	GlobalSection(SolutionConfigurationPlatforms) = preSolution
		Debug|Any CPU = Debug|Any CPU
		Release|Any CPU = Release|Any CPU
	EndGlobalSection
	GlobalSection(ProjectConfigurationPlatforms) = postSolution
		{70F29A53-330B-46AA-9961-244F2A8F80A9}.Debug|Any CPU.ActiveCfg = Debug|Any CPU
		{70F29A53-330B-46AA-9961-244F2A8F80A9}.Debug|Any CPU.Build.0 = Debug|Any CPU
		{70F29A53-330B-46AA-9961-244F2A8F80A9}.Release|Any CPU.ActiveCfg = Release|Any CPU
		{70F29A53-330B-46AA-9961-244F2A8F80A9}.Release|Any CPU.Build.0 = Release|Any CPU
	EndGlobalSection
	GlobalSection(SolutionProperties) = preSolution
		HideSolutionNode = FALSE
	EndGlobalSection
	GlobalSection(ExtensibilityGlobals) = postSolution
		SolutionGuid = {83C16930-53EB-47AC-A71C-2D35F27762FB}
	EndGlobalSection
EndGlobal
